
Microsoft Visual Studio Solution File, Format Version 12.00
# Visual Studio 2012
Project("{FAE04EC0-301F-11D3-BF4B-00C04F79EFBC}") = "KRISA.Modelo", "KRISA.Modelo\KRISA.Modelo.csproj", "{13ED3070-AE01-46F9-8D01-742BE7066A03}"
EndProject
Project("{FAE04EC0-301F-11D3-BF4B-00C04F79EFBC}") = "KRISA.Datos", "KRISA.Datos\KRISA.Datos.csproj", "{37E84E51-A3FE-4D36-98D7-FC84DFEEEFBF}"
EndProject
Project("{FAE04EC0-301F-11D3-BF4B-00C04F79EFBC}") = "KRISA.Presentacion", "KRISA.Presentacion\KRISA.Presentacion.csproj", "{E6E701D7-CE8C-417D-8A3F-8E143840DD40}"
EndProject
Global
	GlobalSection(SolutionConfigurationPlatforms) = preSolution
		Debug|Any CPU = Debug|Any CPU
		Release|Any CPU = Release|Any CPU
	EndGlobalSection
	GlobalSection(ProjectConfigurationPlatforms) = postSolution
		{13ED3070-AE01-46F9-8D01-742BE7066A03}.Debug|Any CPU.ActiveCfg = Debug|Any CPU
		{13ED3070-AE01-46F9-8D01-742BE7066A03}.Debug|Any CPU.Build.0 = Debug|Any CPU
		{13ED3070-AE01-46F9-8D01-742BE7066A03}.Release|Any CPU.ActiveCfg = Release|Any CPU
		{13ED3070-AE01-46F9-8D01-742BE7066A03}.Release|Any CPU.Build.0 = Release|Any CPU
		{37E84E51-A3FE-4D36-98D7-FC84DFEEEFBF}.Debug|Any CPU.ActiveCfg = Debug|Any CPU
		{37E84E51-A3FE-4D36-98D7-FC84DFEEEFBF}.Debug|Any CPU.Build.0 = Debug|Any CPU
		{37E84E51-A3FE-4D36-98D7-FC84DFEEEFBF}.Release|Any CPU.ActiveCfg = Release|Any CPU
		{37E84E51-A3FE-4D36-98D7-FC84DFEEEFBF}.Release|Any CPU.Build.0 = Release|Any CPU
		{E6E701D7-CE8C-417D-8A3F-8E143840DD40}.Debug|Any CPU.ActiveCfg = Debug|Any CPU
		{E6E701D7-CE8C-417D-8A3F-8E143840DD40}.Debug|Any CPU.Build.0 = Debug|Any CPU
		{E6E701D7-CE8C-417D-8A3F-8E143840DD40}.Release|Any CPU.ActiveCfg = Release|Any CPU
		{E6E701D7-CE8C-417D-8A3F-8E143840DD40}.Release|Any CPU.Build.0 = Release|Any CPU
	EndGlobalSection
	GlobalSection(SolutionProperties) = preSolution
		HideSolutionNode = FALSE
	EndGlobalSection
EndGlobal
